
Microsoft Visual Studio Solution File, Format Version 12.00
# Visual Studio 15
VisualStudioVersion = 15.0.28307.1800
MinimumVisualStudioVersion = 10.0.40219.1
Project("{8BC9CEB8-8B4A-11D0-8D11-00A0C91BC942}") = "Practical01", "Practical01.vcxproj", "{DC70032A-1A5C-464D-8E4E-FF18B9648370}"
EndProject
Global
	GlobalSection(SolutionConfigurationPlatforms) = preSolution
		Debug|x64 = Debug|x64
		Debug|x86 = Debug|x86
		Release|x64 = Release|x64
		Release|x86 = Release|x86
	EndGlobalSection
	GlobalSection(ProjectConfigurationPlatforms) = postSolution
		{DC70032A-1A5C-464D-8E4E-FF18B9648370}.Debug|x64.ActiveCfg = Debug|x64
		{DC70032A-1A5C-464D-8E4E-FF18B9648370}.Debug|x64.Build.0 = Debug|x64
		{DC70032A-1A5C-464D-8E4E-FF18B9648370}.Debug|x86.ActiveCfg = Debug|Win32
		{DC70032A-1A5C-464D-8E4E-FF18B9648370}.Debug|x86.Build.0 = Debug|Win32
		{DC70032A-1A5C-464D-8E4E-FF18B9648370}.Release|x64.ActiveCfg = Release|x64
		{DC70032A-1A5C-464D-8E4E-FF18B9648370}.Release|x64.Build.0 = Release|x64
		{DC70032A-1A5C-464D-8E4E-FF18B9648370}.Release|x86.ActiveCfg = Release|Win32
		{DC70032A-1A5C-464D-8E4E-FF18B9648370}.Release|x86.Build.0 = Release|Win32
	EndGlobalSection
	GlobalSection(SolutionProperties) = preSolution
		HideSolutionNode = FALSE
	EndGlobalSection
	GlobalSection(ExtensibilityGlobals) = postSolution
		SolutionGuid = {C89DA6B8-3774-4A7B-869D-9157E98C084B}
	EndGlobalSection
EndGlobal
